// !$*UTF8*$!
{
	archiveVersion = 1;
	classes = {
	};
	objectVersion = 50;
	objects = {

/* Begin PBXBuildFile section */
		75C13CDCE56FF943B4D56ABA /* Pods_FlashChat.framework in Frameworks */ = {isa = PBXBuildFile; fileRef = 1337A690849E1DBB06D7A26D /* Pods_FlashChat.framework */; };
		7F01D8AB21286F0300E86750 /* CustomMessageCell.swift in Sources */ = {isa = PBXBuildFile; fileRef = 7F01D8A921286F0300E86750 /* CustomMessageCell.swift */; };
		7F01D8AC21286F0400E86750 /* MessageCell.xib in Resources */ = {isa = PBXBuildFile; fileRef = 7F01D8AA21286F0300E86750 /* MessageCell.xib */; };
		7F788A2C21223A3C00684167 /* AppDelegate.swift in Sources */ = {isa = PBXBuildFile; fileRef = 7F788A2B21223A3C00684167 /* AppDelegate.swift */; };
		7F788A3321223A5A00684167 /* Assets.xcassets in Resources */ = {isa = PBXBuildFile; fileRef = 7F788A3221223A5A00684167 /* Assets.xcassets */; };
		7F788A3621223A5A00684167 /* LaunchScreen.storyboard in Resources */ = {isa = PBXBuildFile; fileRef = 7F788A3421223A5A00684167 /* LaunchScreen.storyboard */; };
		7F788A3E2122BE5000684167 /* GoogleService-Info (1).plist in Resources */ = {isa = PBXBuildFile; fileRef = 7F788A3D2122BE5000684167 /* GoogleService-Info (1).plist */; };
		7F788A452123060900684167 /* LogInViewController.swift in Sources */ = {isa = PBXBuildFile; fileRef = 7F788A442123060900684167 /* LogInViewController.swift */; };
		7F788A472123062400684167 /* RegisterViewController.swift in Sources */ = {isa = PBXBuildFile; fileRef = 7F788A462123062400684167 /* RegisterViewController.swift */; };
		7F788A492123064800684167 /* WelcomeViewController.swift in Sources */ = {isa = PBXBuildFile; fileRef = 7F788A482123064800684167 /* WelcomeViewController.swift */; };
		7F788A4B2123067B00684167 /* Message.swift in Sources */ = {isa = PBXBuildFile; fileRef = 7F788A4A2123067B00684167 /* Message.swift */; };
		7F788A4D21231B9900684167 /* Main.storyboard in Resources */ = {isa = PBXBuildFile; fileRef = 7F788A4C21231B9900684167 /* Main.storyboard */; };
		7F788A4F21231DE900684167 /* ChatViewController.swift in Sources */ = {isa = PBXBuildFile; fileRef = 7F788A4E21231DE900684167 /* ChatViewController.swift */; };
/* End PBXBuildFile section */

/* Begin PBXFileReference section */
		1337A690849E1DBB06D7A26D /* Pods_FlashChat.framework */ = {isa = PBXFileReference; explicitFileType = wrapper.framework; includeInIndex = 0; path = Pods_FlashChat.framework; sourceTree = BUILT_PRODUCTS_DIR; };
		7F01D8A921286F0300E86750 /* CustomMessageCell.swift */ = {isa = PBXFileReference; fileEncoding = 4; lastKnownFileType = sourcecode.swift; path = CustomMessageCell.swift; sourceTree = "<group>"; };
		7F01D8AA21286F0300E86750 /* MessageCell.xib */ = {isa = PBXFileReference; fileEncoding = 4; lastKnownFileType = file.xib; path = MessageCell.xib; sourceTree = "<group>"; };
		7F788A2821223A3C00684167 /* FlashChat.app */ = {isa = PBXFileReference; explicitFileType = wrapper.application; includeInIndex = 0; path = FlashChat.app; sourceTree = BUILT_PRODUCTS_DIR; };
		7F788A2B21223A3C00684167 /* AppDelegate.swift */ = {isa = PBXFileReference; lastKnownFileType = sourcecode.swift; path = AppDelegate.swift; sourceTree = "<group>"; };
		7F788A3221223A5A00684167 /* Assets.xcassets */ = {isa = PBXFileReference; lastKnownFileType = folder.assetcatalog; path = Assets.xcassets; sourceTree = "<group>"; };
		7F788A3521223A5A00684167 /* Base */ = {isa = PBXFileReference; lastKnownFileType = file.storyboard; name = Base; path = Base.lproj/LaunchScreen.storyboard; sourceTree = "<group>"; };
		7F788A3721223A5A00684167 /* Info.plist */ = {isa = PBXFileReference; lastKnownFileType = text.plist.xml; path = Info.plist; sourceTree = "<group>"; };
		7F788A3D2122BE5000684167 /* GoogleService-Info (1).plist */ = {isa = PBXFileReference; fileEncoding = 4; lastKnownFileType = text.plist.xml; path = "GoogleService-Info (1).plist"; sourceTree = "<group>"; };
		7F788A442123060900684167 /* LogInViewController.swift */ = {isa = PBXFileReference; lastKnownFileType = sourcecode.swift; path = LogInViewController.swift; sourceTree = "<group>"; };
		7F788A462123062400684167 /* RegisterViewController.swift */ = {isa = PBXFileReference; lastKnownFileType = sourcecode.swift; path = RegisterViewController.swift; sourceTree = "<group>"; };
		7F788A482123064800684167 /* WelcomeViewController.swift */ = {isa = PBXFileReference; lastKnownFileType = sourcecode.swift; path = WelcomeViewController.swift; sourceTree = "<group>"; };
		7F788A4A2123067B00684167 /* Message.swift */ = {isa = PBXFileReference; lastKnownFileType = sourcecode.swift; path = Message.swift; sourceTree = "<group>"; };
		7F788A4C21231B9900684167 /* Main.storyboard */ = {isa = PBXFileReference; fileEncoding = 4; lastKnownFileType = file.storyboard; path = Main.storyboard; sourceTree = "<group>"; };
		7F788A4E21231DE900684167 /* ChatViewController.swift */ = {isa = PBXFileReference; lastKnownFileType = sourcecode.swift; path = ChatViewController.swift; sourceTree = "<group>"; };
		C98B9973A9CCE0EF10C05FBB /* Pods-FlashChat.debug.xcconfig */ = {isa = PBXFileReference; includeInIndex = 1; lastKnownFileType = text.xcconfig; name = "Pods-FlashChat.debug.xcconfig"; path = "Pods/Target Support Files/Pods-FlashChat/Pods-FlashChat.debug.xcconfig"; sourceTree = "<group>"; };
		DE17CAC2B825E9683F072A08 /* Pods-FlashChat.release.xcconfig */ = {isa = PBXFileReference; includeInIndex = 1; lastKnownFileType = text.xcconfig; name = "Pods-FlashChat.release.xcconfig"; path = "Pods/Target Support Files/Pods-FlashChat/Pods-FlashChat.release.xcconfig"; sourceTree = "<group>"; };
/* End PBXFileReference section */

/* Begin PBXFrameworksBuildPhase section */
		7F788A2521223A3C00684167 /* Frameworks */ = {
			isa = PBXFrameworksBuildPhase;
			buildActionMask = 2147483647;
			files = (
				75C13CDCE56FF943B4D56ABA /* Pods_FlashChat.framework in Frameworks */,
			);
			runOnlyForDeploymentPostprocessing = 0;
		};
/* End PBXFrameworksBuildPhase section */

/* Begin PBXGroup section */
		7F01D8AD21286F3200E86750 /* Custom Cell */ = {
			isa = PBXGroup;
			children = (
				7F01D8A921286F0300E86750 /* CustomMessageCell.swift */,
				7F01D8AA21286F0300E86750 /* MessageCell.xib */,
			);
			name = "Custom Cell";
			sourceTree = "<group>";
		};
		7F01D8AE2128811B00E86750 /* Supporting Files */ = {
			isa = PBXGroup;
			children = (
				7F788A3721223A5A00684167 /* Info.plist */,
				7F788A3D2122BE5000684167 /* GoogleService-Info (1).plist */,
			);
			path = "Supporting Files";
			sourceTree = "<group>";
		};
		7F788A1F21223A3B00684167 = {
			isa = PBXGroup;
			children = (
				7F788A2A21223A3C00684167 /* FlashChat */,
				7F788A2921223A3C00684167 /* Products */,
				A1C005C2F7F8CC4FEEB37072 /* Pods */,
				8D094F17FB1F60F0F6C72FDC /* Frameworks */,
			);
			sourceTree = "<group>";
		};
		7F788A2921223A3C00684167 /* Products */ = {
			isa = PBXGroup;
			children = (
				7F788A2821223A3C00684167 /* FlashChat.app */,
			);
			name = Products;
			sourceTree = "<group>";
		};
		7F788A2A21223A3C00684167 /* FlashChat */ = {
			isa = PBXGroup;
			children = (
				7F788A412123044800684167 /* Controller */,
				7F788A402123043B00684167 /* View */,
				7F788A3F2123042E00684167 /* Model */,
				7F788A3221223A5A00684167 /* Assets.xcassets */,
				7F01D8AE2128811B00E86750 /* Supporting Files */,
			);
			path = FlashChat;
			sourceTree = "<group>";
		};
		7F788A3F2123042E00684167 /* Model */ = {
			isa = PBXGroup;
			children = (
				7F788A4A2123067B00684167 /* Message.swift */,
			);
			path = Model;
			sourceTree = "<group>";
		};
		7F788A402123043B00684167 /* View */ = {
			isa = PBXGroup;
			children = (
				7F788A4C21231B9900684167 /* Main.storyboard */,
				7F788A3421223A5A00684167 /* LaunchScreen.storyboard */,
				7F01D8AD21286F3200E86750 /* Custom Cell */,
			);
			path = View;
			sourceTree = "<group>";
		};
		7F788A412123044800684167 /* Controller */ = {
			isa = PBXGroup;
			children = (
				7F788A2B21223A3C00684167 /* AppDelegate.swift */,
				7F788A442123060900684167 /* LogInViewController.swift */,
				7F788A462123062400684167 /* RegisterViewController.swift */,
				7F788A482123064800684167 /* WelcomeViewController.swift */,
				7F788A4E21231DE900684167 /* ChatViewController.swift */,
			);
			path = Controller;
			sourceTree = "<group>";
		};
		8D094F17FB1F60F0F6C72FDC /* Frameworks */ = {
			isa = PBXGroup;
			children = (
				1337A690849E1DBB06D7A26D /* Pods_FlashChat.framework */,
			);
			name = Frameworks;
			sourceTree = "<group>";
		};
		A1C005C2F7F8CC4FEEB37072 /* Pods */ = {
			isa = PBXGroup;
			children = (
				C98B9973A9CCE0EF10C05FBB /* Pods-FlashChat.debug.xcconfig */,
				DE17CAC2B825E9683F072A08 /* Pods-FlashChat.release.xcconfig */,
			);
			name = Pods;
			sourceTree = "<group>";
		};
/* End PBXGroup section */

/* Begin PBXNativeTarget section */
		7F788A2721223A3C00684167 /* FlashChat */ = {
			isa = PBXNativeTarget;
			buildConfigurationList = 7F788A3A21223A5A00684167 /* Build configuration list for PBXNativeTarget "FlashChat" */;
			buildPhases = (
				5E813AD48A3BB2B5E51594C7 /* [CP] Check Pods Manifest.lock */,
				7F788A2421223A3C00684167 /* Sources */,
				7F788A2521223A3C00684167 /* Frameworks */,
				7F788A2621223A3C00684167 /* Resources */,
				D001D1EC537F45FF3EFE26AC /* [CP] Embed Pods Frameworks */,
			);
			buildRules = (
			);
			dependencies = (
			);
			name = FlashChat;
			productName = FlashChat;
			productReference = 7F788A2821223A3C00684167 /* FlashChat.app */;
			productType = "com.apple.product-type.application";
		};
/* End PBXNativeTarget section */

/* Begin PBXProject section */
		7F788A2021223A3B00684167 /* Project object */ = {
			isa = PBXProject;
			attributes = {
				LastSwiftUpdateCheck = 0940;
				LastUpgradeCheck = 0940;
				ORGANIZATIONNAME = OLAJUWON;
				TargetAttributes = {
					7F788A2721223A3C00684167 = {
						CreatedOnToolsVersion = 9.4;
					};
				};
			};
			buildConfigurationList = 7F788A2321223A3C00684167 /* Build configuration list for PBXProject "FlashChat" */;
			compatibilityVersion = "Xcode 9.3";
			developmentRegion = en;
			hasScannedForEncodings = 0;
			knownRegions = (
				en,
				Base,
			);
			mainGroup = 7F788A1F21223A3B00684167;
			productRefGroup = 7F788A2921223A3C00684167 /* Products */;
			projectDirPath = "";
			projectRoot = "";
			targets = (
				7F788A2721223A3C00684167 /* FlashChat */,
			);
		};
/* End PBXProject section */

/* Begin PBXResourcesBuildPhase section */
		7F788A2621223A3C00684167 /* Resources */ = {
			isa = PBXResourcesBuildPhase;
			buildActionMask = 2147483647;
			files = (
				7F01D8AC21286F0400E86750 /* MessageCell.xib in Resources */,
				7F788A3621223A5A00684167 /* LaunchScreen.storyboard in Resources */,
				7F788A4D21231B9900684167 /* Main.storyboard in Resources */,
				7F788A3321223A5A00684167 /* Assets.xcassets in Resources */,
				7F788A3E2122BE5000684167 /* GoogleService-Info (1).plist in Resources */,
			);
			runOnlyForDeploymentPostprocessing = 0;
		};
/* End PBXResourcesBuildPhase section */

/* Begin PBXShellScriptBuildPhase section */
		5E813AD48A3BB2B5E51594C7 /* [CP] Check Pods Manifest.lock */ = {
			isa = PBXShellScriptBuildPhase;
			buildActionMask = 2147483647;
			files = (
			);
			inputPaths = (
				"${PODS_PODFILE_DIR_PATH}/Podfile.lock",
				"${PODS_ROOT}/Manifest.lock",
			);
			name = "[CP] Check Pods Manifest.lock";
			outputPaths = (
				"$(DERIVED_FILE_DIR)/Pods-FlashChat-checkManifestLockResult.txt",
			);
			runOnlyForDeploymentPostprocessing = 0;
			shellPath = /bin/sh;
			shellScript = "diff \"${PODS_PODFILE_DIR_PATH}/Podfile.lock\" \"${PODS_ROOT}/Manifest.lock\" > /dev/null\nif [ $? != 0 ] ; then\n    # print error to STDERR\n    echo \"error: The sandbox is not in sync with the Podfile.lock. Run 'pod install' or update your CocoaPods installation.\" >&2\n    exit 1\nfi\n# This output is used by Xcode 'outputs' to avoid re-running this script phase.\necho \"SUCCESS\" > \"${SCRIPT_OUTPUT_FILE_0}\"\n";
			showEnvVarsInLog = 0;
		};
		D001D1EC537F45FF3EFE26AC /* [CP] Embed Pods Frameworks */ = {
			isa = PBXShellScriptBuildPhase;
			buildActionMask = 2147483647;
			files = (
			);
			inputPaths = (
				"${SRCROOT}/Pods/Target Support Files/Pods-FlashChat/Pods-FlashChat-frameworks.sh",
				"${BUILT_PRODUCTS_DIR}/ChameleonFramework/ChameleonFramework.framework",
				"${BUILT_PRODUCTS_DIR}/GTMSessionFetcher/GTMSessionFetcher.framework",
				"${BUILT_PRODUCTS_DIR}/GoogleToolboxForMac/GoogleToolboxForMac.framework",
				"${BUILT_PRODUCTS_DIR}/SVProgressHUD/SVProgressHUD.framework",
				"${BUILT_PRODUCTS_DIR}/leveldb-library/leveldb.framework",
				"${BUILT_PRODUCTS_DIR}/nanopb/nanopb.framework",
			);
			name = "[CP] Embed Pods Frameworks";
			outputPaths = (
				"${TARGET_BUILD_DIR}/${FRAMEWORKS_FOLDER_PATH}/ChameleonFramework.framework",
				"${TARGET_BUILD_DIR}/${FRAMEWORKS_FOLDER_PATH}/GTMSessionFetcher.framework",
				"${TARGET_BUILD_DIR}/${FRAMEWORKS_FOLDER_PATH}/GoogleToolboxForMac.framework",
				"${TARGET_BUILD_DIR}/${FRAMEWORKS_FOLDER_PATH}/SVProgressHUD.framework",
				"${TARGET_BUILD_DIR}/${FRAMEWORKS_FOLDER_PATH}/leveldb.framework",
				"${TARGET_BUILD_DIR}/${FRAMEWORKS_FOLDER_PATH}/nanopb.framework",
			);
			runOnlyForDeploymentPostprocessing = 0;
			shellPath = /bin/sh;
			shellScript = "\"${SRCROOT}/Pods/Target Support Files/Pods-FlashChat/Pods-FlashChat-frameworks.sh\"\n";
			showEnvVarsInLog = 0;
		};
/* End PBXShellScriptBuildPhase section */

/* Begin PBXSourcesBuildPhase section */
		7F788A2421223A3C00684167 /* Sources */ = {
			isa = PBXSourcesBuildPhase;
			buildActionMask = 2147483647;
			files = (
				7F01D8AB21286F0300E86750 /* CustomMessageCell.swift in Sources */,
				7F788A492123064800684167 /* WelcomeViewController.swift in Sources */,
				7F788A2C21223A3C00684167 /* AppDelegate.swift in Sources */,
				7F788A4B2123067B00684167 /* Message.swift in Sources */,
				7F788A452123060900684167 /* LogInViewController.swift in Sources */,
				7F788A4F21231DE900684167 /* ChatViewController.swift in Sources */,
				7F788A472123062400684167 /* RegisterViewController.swift in Sources */,
			);
			runOnlyForDeploymentPostprocessing = 0;
		};
/* End PBXSourcesBuildPhase section */

/* Begin PBXVariantGroup section */
		7F788A3421223A5A00684167 /* LaunchScreen.storyboard */ = {
			isa = PBXVariantGroup;
			children = (
				7F788A3521223A5A00684167 /* Base */,
			);
			name = LaunchScreen.storyboard;
			sourceTree = "<group>";
		};
/* End PBXVariantGroup section */

/* Begin XCBuildConfiguration section */
		7F788A3821223A5A00684167 /* Debug */ = {
			isa = XCBuildConfiguration;
			buildSettings = {
				ALWAYS_SEARCH_USER_PATHS = NO;
				CLANG_ANALYZER_NONNULL = YES;
				CLANG_ANALYZER_NUMBER_OBJECT_CONVERSION = YES_AGGRESSIVE;
				CLANG_CXX_LANGUAGE_STANDARD = "gnu++14";
				CLANG_CXX_LIBRARY = "libc++";
				CLANG_ENABLE_MODULES = YES;
				CLANG_ENABLE_OBJC_ARC = YES;
				CLANG_ENABLE_OBJC_WEAK = YES;
				CLANG_WARN_BLOCK_CAPTURE_AUTORELEASING = YES;
				CLANG_WARN_BOOL_CONVERSION = YES;
				CLANG_WARN_COMMA = YES;
				CLANG_WARN_CONSTANT_CONVERSION = YES;
				CLANG_WARN_DEPRECATED_OBJC_IMPLEMENTATIONS = YES;
				CLANG_WARN_DIRECT_OBJC_ISA_USAGE = YES_ERROR;
				CLANG_WARN_DOCUMENTATION_COMMENTS = YES;
				CLANG_WARN_EMPTY_BODY = YES;
				CLANG_WARN_ENUM_CONVERSION = YES;
				CLANG_WARN_INFINITE_RECURSION = YES;
				CLANG_WARN_INT_CONVERSION = YES;
				CLANG_WARN_NON_LITERAL_NULL_CONVERSION = YES;
				CLANG_WARN_OBJC_IMPLICIT_RETAIN_SELF = YES;
				CLANG_WARN_OBJC_LITERAL_CONVERSION = YES;
				CLANG_WARN_OBJC_ROOT_CLASS = YES_ERROR;
				CLANG_WARN_RANGE_LOOP_ANALYSIS = YES;
				CLANG_WARN_STRICT_PROTOTYPES = YES;
				CLANG_WARN_SUSPICIOUS_MOVE = YES;
				CLANG_WARN_UNGUARDED_AVAILABILITY = YES_AGGRESSIVE;
				CLANG_WARN_UNREACHABLE_CODE = YES;
				CLANG_WARN__DUPLICATE_METHOD_MATCH = YES;
				CODE_SIGN_IDENTITY = "iPhone Developer";
				COPY_PHASE_STRIP = NO;
				DEBUG_INFORMATION_FORMAT = dwarf;
				ENABLE_STRICT_OBJC_MSGSEND = YES;
				ENABLE_TESTABILITY = YES;
				GCC_C_LANGUAGE_STANDARD = gnu11;
				GCC_DYNAMIC_NO_PIC = NO;
				GCC_NO_COMMON_BLOCKS = YES;
				GCC_OPTIMIZATION_LEVEL = 0;
				GCC_PREPROCESSOR_DEFINITIONS = (
					"DEBUG=1",
					"$(inherited)",
				);
				GCC_WARN_64_TO_32_BIT_CONVERSION = YES;
				GCC_WARN_ABOUT_RETURN_TYPE = YES_ERROR;
				GCC_WARN_UNDECLARED_SELECTOR = YES;
				GCC_WARN_UNINITIALIZED_AUTOS = YES_AGGRESSIVE;
				GCC_WARN_UNUSED_FUNCTION = YES;
				GCC_WARN_UNUSED_VARIABLE = YES;
				IPHONEOS_DEPLOYMENT_TARGET = 11.4;
				MTL_ENABLE_DEBUG_INFO = YES;
				ONLY_ACTIVE_ARCH = YES;
				SDKROOT = iphoneos;
				SWIFT_ACTIVE_COMPILATION_CONDITIONS = DEBUG;
				SWIFT_OPTIMIZATION_LEVEL = "-Onone";
			};
			name = Debug;
		};
		7F788A3921223A5A00684167 /* Release */ = {
			isa = XCBuildConfiguration;
			buildSettings = {
				ALWAYS_SEARCH_USER_PATHS = NO;
				CLANG_ANALYZER_NONNULL = YES;
				CLANG_ANALYZER_NUMBER_OBJECT_CONVERSION = YES_AGGRESSIVE;
				CLANG_CXX_LANGUAGE_STANDARD = "gnu++14";
				CLANG_CXX_LIBRARY = "libc++";
				CLANG_ENABLE_MODULES = YES;
				CLANG_ENABLE_OBJC_ARC = YES;
				CLANG_ENABLE_OBJC_WEAK = YES;
				CLANG_WARN_BLOCK_CAPTURE_AUTORELEASING = YES;
				CLANG_WARN_BOOL_CONVERSION = YES;
				CLANG_WARN_COMMA = YES;
				CLANG_WARN_CONSTANT_CONVERSION = YES;
				CLANG_WARN_DEPRECATED_OBJC_IMPLEMENTATIONS = YES;
				CLANG_WARN_DIRECT_OBJC_ISA_USAGE = YES_ERROR;
				CLANG_WARN_DOCUMENTATION_COMMENTS = YES;
				CLANG_WARN_EMPTY_BODY = YES;
				CLANG_WARN_ENUM_CONVERSION = YES;
				CLANG_WARN_INFINITE_RECURSION = YES;
				CLANG_WARN_INT_CONVERSION = YES;
				CLANG_WARN_NON_LITERAL_NULL_CONVERSION = YES;
				CLANG_WARN_OBJC_IMPLICIT_RETAIN_SELF = YES;
				CLANG_WARN_OBJC_LITERAL_CONVERSION = YES;
				CLANG_WARN_OBJC_ROOT_CLASS = YES_ERROR;
				CLANG_WARN_RANGE_LOOP_ANALYSIS = YES;
				CLANG_WARN_STRICT_PROTOTYPES = YES;
				CLANG_WARN_SUSPICIOUS_MOVE = YES;
				CLANG_WARN_UNGUARDED_AVAILABILITY = YES_AGGRESSIVE;
				CLANG_WARN_UNREACHABLE_CODE = YES;
				CLANG_WARN__DUPLICATE_METHOD_MATCH = YES;
				CODE_SIGN_IDENTITY = "iPhone Developer";
				COPY_PHASE_STRIP = NO;
				DEBUG_INFORMATION_FORMAT = "dwarf-with-dsym";
				ENABLE_NS_ASSERTIONS = NO;
				ENABLE_STRICT_OBJC_MSGSEND = YES;
				GCC_C_LANGUAGE_STANDARD = gnu11;
				GCC_NO_COMMON_BLOCKS = YES;
				GCC_WARN_64_TO_32_BIT_CONVERSION = YES;
				GCC_WARN_ABOUT_RETURN_TYPE = YES_ERROR;
				GCC_WARN_UNDECLARED_SELECTOR = YES;
				GCC_WARN_UNINITIALIZED_AUTOS = YES_AGGRESSIVE;
				GCC_WARN_UNUSED_FUNCTION = YES;
				GCC_WARN_UNUSED_VARIABLE = YES;
				IPHONEOS_DEPLOYMENT_TARGET = 11.4;
				MTL_ENABLE_DEBUG_INFO = NO;
				SDKROOT = iphoneos;
				SWIFT_COMPILATION_MODE = wholemodule;
				SWIFT_OPTIMIZATION_LEVEL = "-O";
				VALIDATE_PRODUCT = YES;
			};
			name = Release;
		};
		7F788A3B21223A5A00684167 /* Debug */ = {
			isa = XCBuildConfiguration;
			baseConfigurationReference = C98B9973A9CCE0EF10C05FBB /* Pods-FlashChat.debug.xcconfig */;
			buildSettings = {
				ASSETCATALOG_COMPILER_APPICON_NAME = AppIcon;
				CODE_SIGN_STYLE = Automatic;
				DEVELOPMENT_TEAM = 36X855UTYZ;
				INFOPLIST_FILE = FlashChat/Info.plist;
				LD_RUNPATH_SEARCH_PATHS = (
					"$(inherited)",
					"@executable_path/Frameworks",
				);
				PRODUCT_BUNDLE_IDENTIFIER = com.olajuwon.FlashChat;
				PRODUCT_NAME = "$(TARGET_NAME)";
				SWIFT_VERSION = 4.0;
				TARGETED_DEVICE_FAMILY = 1;
			};
			name = Debug;
		};
		7F788A3C21223A5A00684167 /* Release */ = {
			isa = XCBuildConfiguration;
			baseConfigurationReference = DE17CAC2B825E9683F072A08 /* Pods-FlashChat.release.xcconfig */;
			buildSettings = {
				ASSETCATALOG_COMPILER_APPICON_NAME = AppIcon;
				CODE_SIGN_STYLE = Automatic;
				DEVELOPMENT_TEAM = 36X855UTYZ;
				INFOPLIST_FILE = FlashChat/Info.plist;
				LD_RUNPATH_SEARCH_PATHS = (
					"$(inherited)",
					"@executable_path/Frameworks",
				);
				PRODUCT_BUNDLE_IDENTIFIER = com.olajuwon.FlashChat;
				PRODUCT_NAME = "$(TARGET_NAME)";
				SWIFT_VERSION = 4.0;
				TARGETED_DEVICE_FAMILY = 1;
			};
			name = Release;
		};
/* End XCBuildConfiguration section */

/* Begin XCConfigurationList section */
		7F788A2321223A3C00684167 /* Build configuration list for PBXProject "FlashChat" */ = {
			isa = XCConfigurationList;
			buildConfigurations = (
				7F788A3821223A5A00684167 /* Debug */,
				7F788A3921223A5A00684167 /* Release */,
			);
			defaultConfigurationIsVisible = 0;
			defaultConfigurationName = Release;
		};
		7F788A3A21223A5A00684167 /* Build configuration list for PBXNativeTarget "FlashChat" */ = {
			isa = XCConfigurationList;
			buildConfigurations = (
				7F788A3B21223A5A00684167 /* Debug */,
				7F788A3C21223A5A00684167 /* Release */,
			);
			defaultConfigurationIsVisible = 0;
			defaultConfigurationName = Release;
		};
/* End XCConfigurationList section */
	};
	rootObject = 7F788A2021223A3B00684167 /* Project object */;
}
